
Microsoft Visual Studio Solution File, Format Version 12.00
# Visual Studio 15
VisualStudioVersion = 15.0.27703.2042
MinimumVisualStudioVersion = 10.0.40219.1
Project("{2150E333-8FDC-42A3-9474-1A3956D46DE8}") = "1 - Presentation", "1 - Presentation", "{53F0F02B-AB64-4AE1-963D-5856DA893166}"
EndProject
Project("{2150E333-8FDC-42A3-9474-1A3956D46DE8}") = "2 - Application", "2 - Application", "{B29EEE0B-81DA-419F-B0E8-D77071E79DF4}"
EndProject
Project("{2150E333-8FDC-42A3-9474-1A3956D46DE8}") = "4 - Infrastructure", "4 - Infrastructure", "{F33491F0-7F10-46AE-AB88-FEB8C25B41D4}"
EndProject
Project("{2150E333-8FDC-42A3-9474-1A3956D46DE8}") = "3 - Domain", "3 - Domain", "{335904C0-5A33-46CD-B710-0EF120BE4990}"
EndProject
Project("{9A19103F-16F7-4668-BE54-9A1E7A4F7556}") = "PartsUnlimited.HRBenefits.Web", "src\PartsUnlimited.HRBenefits.Web\PartsUnlimited.HRBenefits.Web.csproj", "{F1F2778B-157A-420D-B9A7-E6525C992C15}"
EndProject
Project("{9A19103F-16F7-4668-BE54-9A1E7A4F7556}") = "PartsUnlimited.HRBenefits.Application", "src\PartsUnlimited.HRBenefits.Application\PartsUnlimited.HRBenefits.Application.csproj", "{273A22D4-E9A4-4344-94A7-AF1F555AC704}"
EndProject
Project("{9A19103F-16F7-4668-BE54-9A1E7A4F7556}") = "PartsUnlimited.HRBenefits.Domain", "src\PartsUnlimited.HRBenefits.Domain\PartsUnlimited.HRBenefits.Domain.csproj", "{B96299CF-AEC8-4224-A5AB-693B840A59FC}"
EndProject
Project("{9A19103F-16F7-4668-BE54-9A1E7A4F7556}") = "PartsUnlimited.HRBenefits.Infrastructure", "src\PartsUnlimited.HRBenefits.Infrastructure\PartsUnlimited.HRBenefits.Infrastructure.csproj", "{5A438DBA-C1FF-4D72-B327-27A19C3B8D2F}"
EndProject
Project("{9A19103F-16F7-4668-BE54-9A1E7A4F7556}") = "PartsUnlimited.HRBenefits.Infrastructure.IntegrationTests", "tests\PartsUnlimited.HRBenefits.Infrastructure.IntegrationTests\PartsUnlimited.HRBenefits.Infrastructure.IntegrationTests.csproj", "{DD00F7FF-1595-42B9-B2EB-193FE4F847FE}"
EndProject
Project("{9A19103F-16F7-4668-BE54-9A1E7A4F7556}") = "PartsUnlimited.HRBenefits.ComponentTests", "tests\PartsUnlimited.HRBenefits.ComponentTests\PartsUnlimited.HRBenefits.ComponentTests.csproj", "{7DB61B01-4EE6-498F-9BD7-551B7530FB1E}"
EndProject
Project("{FAE04EC0-301F-11D3-BF4B-00C04F79EFBC}") = "PartsUnlimited.HRBenefits.Application.Tests", "PartsUnlimited.HRBenefits.Application.Tests\PartsUnlimited.HRBenefits.Application.Tests.csproj", "{F9CD6810-4C88-430F-B952-FAEB1E570337}"
EndProject
Global
	GlobalSection(SolutionConfigurationPlatforms) = preSolution
		Debug|Any CPU = Debug|Any CPU
		Release|Any CPU = Release|Any CPU
	EndGlobalSection
	GlobalSection(ProjectConfigurationPlatforms) = postSolution
		{F1F2778B-157A-420D-B9A7-E6525C992C15}.Debug|Any CPU.ActiveCfg = Debug|Any CPU
		{F1F2778B-157A-420D-B9A7-E6525C992C15}.Debug|Any CPU.Build.0 = Debug|Any CPU
		{F1F2778B-157A-420D-B9A7-E6525C992C15}.Release|Any CPU.ActiveCfg = Release|Any CPU
		{F1F2778B-157A-420D-B9A7-E6525C992C15}.Release|Any CPU.Build.0 = Release|Any CPU
		{273A22D4-E9A4-4344-94A7-AF1F555AC704}.Debug|Any CPU.ActiveCfg = Debug|Any CPU
		{273A22D4-E9A4-4344-94A7-AF1F555AC704}.Debug|Any CPU.Build.0 = Debug|Any CPU
		{273A22D4-E9A4-4344-94A7-AF1F555AC704}.Release|Any CPU.ActiveCfg = Release|Any CPU
		{273A22D4-E9A4-4344-94A7-AF1F555AC704}.Release|Any CPU.Build.0 = Release|Any CPU
		{B96299CF-AEC8-4224-A5AB-693B840A59FC}.Debug|Any CPU.ActiveCfg = Debug|Any CPU
		{B96299CF-AEC8-4224-A5AB-693B840A59FC}.Debug|Any CPU.Build.0 = Debug|Any CPU
		{B96299CF-AEC8-4224-A5AB-693B840A59FC}.Release|Any CPU.ActiveCfg = Release|Any CPU
		{B96299CF-AEC8-4224-A5AB-693B840A59FC}.Release|Any CPU.Build.0 = Release|Any CPU
		{5A438DBA-C1FF-4D72-B327-27A19C3B8D2F}.Debug|Any CPU.ActiveCfg = Debug|Any CPU
		{5A438DBA-C1FF-4D72-B327-27A19C3B8D2F}.Debug|Any CPU.Build.0 = Debug|Any CPU
		{5A438DBA-C1FF-4D72-B327-27A19C3B8D2F}.Release|Any CPU.ActiveCfg = Release|Any CPU
		{5A438DBA-C1FF-4D72-B327-27A19C3B8D2F}.Release|Any CPU.Build.0 = Release|Any CPU
		{DD00F7FF-1595-42B9-B2EB-193FE4F847FE}.Debug|Any CPU.ActiveCfg = Debug|Any CPU
		{DD00F7FF-1595-42B9-B2EB-193FE4F847FE}.Debug|Any CPU.Build.0 = Debug|Any CPU
		{DD00F7FF-1595-42B9-B2EB-193FE4F847FE}.Release|Any CPU.ActiveCfg = Release|Any CPU
		{DD00F7FF-1595-42B9-B2EB-193FE4F847FE}.Release|Any CPU.Build.0 = Release|Any CPU
		{7DB61B01-4EE6-498F-9BD7-551B7530FB1E}.Debug|Any CPU.ActiveCfg = Debug|Any CPU
		{7DB61B01-4EE6-498F-9BD7-551B7530FB1E}.Debug|Any CPU.Build.0 = Debug|Any CPU
		{7DB61B01-4EE6-498F-9BD7-551B7530FB1E}.Release|Any CPU.ActiveCfg = Release|Any CPU
		{7DB61B01-4EE6-498F-9BD7-551B7530FB1E}.Release|Any CPU.Build.0 = Release|Any CPU
		{F9CD6810-4C88-430F-B952-FAEB1E570337}.Debug|Any CPU.ActiveCfg = Debug|Any CPU
		{F9CD6810-4C88-430F-B952-FAEB1E570337}.Debug|Any CPU.Build.0 = Debug|Any CPU
		{F9CD6810-4C88-430F-B952-FAEB1E570337}.Release|Any CPU.ActiveCfg = Release|Any CPU
		{F9CD6810-4C88-430F-B952-FAEB1E570337}.Release|Any CPU.Build.0 = Release|Any CPU
	EndGlobalSection
	GlobalSection(SolutionProperties) = preSolution
		HideSolutionNode = FALSE
	EndGlobalSection
	GlobalSection(NestedProjects) = preSolution
		{F1F2778B-157A-420D-B9A7-E6525C992C15} = {53F0F02B-AB64-4AE1-963D-5856DA893166}
		{273A22D4-E9A4-4344-94A7-AF1F555AC704} = {B29EEE0B-81DA-419F-B0E8-D77071E79DF4}
		{B96299CF-AEC8-4224-A5AB-693B840A59FC} = {335904C0-5A33-46CD-B710-0EF120BE4990}
		{5A438DBA-C1FF-4D72-B327-27A19C3B8D2F} = {F33491F0-7F10-46AE-AB88-FEB8C25B41D4}
		{DD00F7FF-1595-42B9-B2EB-193FE4F847FE} = {F33491F0-7F10-46AE-AB88-FEB8C25B41D4}
		{F9CD6810-4C88-430F-B952-FAEB1E570337} = {B29EEE0B-81DA-419F-B0E8-D77071E79DF4}
	EndGlobalSection
	GlobalSection(ExtensibilityGlobals) = postSolution
		SolutionGuid = {3D5611B1-C28D-4CDF-8884-23B9935B7EF8}
	EndGlobalSection
EndGlobal
